
Microsoft Visual Studio Solution File, Format Version 12.00
# Visual Studio Version 17
VisualStudioVersion = 17.11.35327.3
MinimumVisualStudioVersion = 10.0.40219.1
Project("{9A19103F-16F7-4668-BE54-9A1E7A4F7556}") = "PathFinding", "PathFinding.csproj", "{D57C53B3-460D-4E4C-A185-2879DA78B97A}"
EndProject
Global
	GlobalSection(SolutionConfigurationPlatforms) = preSolution
		Debug|Any CPU = Debug|Any CPU
		Release|Any CPU = Release|Any CPU
	EndGlobalSection
	GlobalSection(ProjectConfigurationPlatforms) = postSolution
		{D57C53B3-460D-4E4C-A185-2879DA78B97A}.Debug|Any CPU.ActiveCfg = Debug|Any CPU
		{D57C53B3-460D-4E4C-A185-2879DA78B97A}.Debug|Any CPU.Build.0 = Debug|Any CPU
		{D57C53B3-460D-4E4C-A185-2879DA78B97A}.Release|Any CPU.ActiveCfg = Release|Any CPU
		{D57C53B3-460D-4E4C-A185-2879DA78B97A}.Release|Any CPU.Build.0 = Release|Any CPU
	EndGlobalSection
	GlobalSection(SolutionProperties) = preSolution
		HideSolutionNode = FALSE
	EndGlobalSection
	GlobalSection(ExtensibilityGlobals) = postSolution
		SolutionGuid = {B8060D81-FAE1-4AB1-9D22-D589B3185618}
	EndGlobalSection
EndGlobal
